
Microsoft Visual Studio Solution File, Format Version 12.00
# Visual Studio 15
VisualStudioVersion = 15.0.27004.2006
MinimumVisualStudioVersion = 10.0.40219.1
Project("{FAE04EC0-301F-11D3-BF4B-00C04F79EFBC}") = "IoT Portal", "IoT Portal\IoT Portal.csproj", "{D113A7C3-2D63-4BD9-84C3-B96768258E40}"
EndProject
Global
	GlobalSection(SolutionConfigurationPlatforms) = preSolution
		Debug|Any CPU = Debug|Any CPU
		Release|Any CPU = Release|Any CPU
	EndGlobalSection
	GlobalSection(ProjectConfigurationPlatforms) = postSolution
		{D113A7C3-2D63-4BD9-84C3-B96768258E40}.Debug|Any CPU.ActiveCfg = Debug|Any CPU
		{D113A7C3-2D63-4BD9-84C3-B96768258E40}.Debug|Any CPU.Build.0 = Debug|Any CPU
		{D113A7C3-2D63-4BD9-84C3-B96768258E40}.Release|Any CPU.ActiveCfg = Release|Any CPU
		{D113A7C3-2D63-4BD9-84C3-B96768258E40}.Release|Any CPU.Build.0 = Release|Any CPU
	EndGlobalSection
	GlobalSection(SolutionProperties) = preSolution
		HideSolutionNode = FALSE
	EndGlobalSection
	GlobalSection(ExtensibilityGlobals) = postSolution
		SolutionGuid = {E23AEEA7-034C-45D7-A82E-C85BECA2CDB9}
	EndGlobalSection
EndGlobal
